
Microsoft Visual Studio Solution File, Format Version 12.00
# Visual Studio Version 17
VisualStudioVersion = 17.1.32319.34
MinimumVisualStudioVersion = 10.0.40219.1
Project("{9A19103F-16F7-4668-BE54-9A1E7A4F7556}") = "AkbilYonetim", "AkbilYonetim\AkbilYonetim.csproj", "{8DDC6FBB-CAD6-47E6-AE1D-F75D29546235}"
EndProject
Project("{FAE04EC0-301F-11D3-BF4B-00C04F79EFBC}") = "AkbilYonetimVeriKatmani", "AkbilYonetimVeriKatmani\AkbilYonetimVeriKatmani.csproj", "{8D1A9673-D9A2-4820-B889-179BEDC7B3E7}"
EndProject
Project("{FAE04EC0-301F-11D3-BF4B-00C04F79EFBC}") = "AkbilYonetimIsKatmani", "AkbilYonetimIsKatmani\AkbilYonetimIsKatmani.csproj", "{1AEC60B1-2B0B-4D10-9A5B-ABFC7DB15C12}"
EndProject
Global
	GlobalSection(SolutionConfigurationPlatforms) = preSolution
		Debug|Any CPU = Debug|Any CPU
		Release|Any CPU = Release|Any CPU
	EndGlobalSection
	GlobalSection(ProjectConfigurationPlatforms) = postSolution
		{8DDC6FBB-CAD6-47E6-AE1D-F75D29546235}.Debug|Any CPU.ActiveCfg = Debug|Any CPU
		{8DDC6FBB-CAD6-47E6-AE1D-F75D29546235}.Debug|Any CPU.Build.0 = Debug|Any CPU
		{8DDC6FBB-CAD6-47E6-AE1D-F75D29546235}.Release|Any CPU.ActiveCfg = Release|Any CPU
		{8DDC6FBB-CAD6-47E6-AE1D-F75D29546235}.Release|Any CPU.Build.0 = Release|Any CPU
		{8D1A9673-D9A2-4820-B889-179BEDC7B3E7}.Debug|Any CPU.ActiveCfg = Debug|Any CPU
		{8D1A9673-D9A2-4820-B889-179BEDC7B3E7}.Debug|Any CPU.Build.0 = Debug|Any CPU
		{8D1A9673-D9A2-4820-B889-179BEDC7B3E7}.Release|Any CPU.ActiveCfg = Release|Any CPU
		{8D1A9673-D9A2-4820-B889-179BEDC7B3E7}.Release|Any CPU.Build.0 = Release|Any CPU
		{1AEC60B1-2B0B-4D10-9A5B-ABFC7DB15C12}.Debug|Any CPU.ActiveCfg = Debug|Any CPU
		{1AEC60B1-2B0B-4D10-9A5B-ABFC7DB15C12}.Debug|Any CPU.Build.0 = Debug|Any CPU
		{1AEC60B1-2B0B-4D10-9A5B-ABFC7DB15C12}.Release|Any CPU.ActiveCfg = Release|Any CPU
		{1AEC60B1-2B0B-4D10-9A5B-ABFC7DB15C12}.Release|Any CPU.Build.0 = Release|Any CPU
	EndGlobalSection
	GlobalSection(SolutionProperties) = preSolution
		HideSolutionNode = FALSE
	EndGlobalSection
	GlobalSection(ExtensibilityGlobals) = postSolution
		SolutionGuid = {5E30CB9A-CE5B-4670-B506-6D7A9EEDD35F}
	EndGlobalSection
EndGlobal
